
Microsoft Visual Studio Solution File, Format Version 12.00
# Visual Studio Version 17
VisualStudioVersion = 17.3.32922.545
MinimumVisualStudioVersion = 10.0.40219.1
Project("{9A19103F-16F7-4668-BE54-9A1E7A4F7556}") = "GUIwpf", "GUIwpf\GUIwpf.csproj", "{B77F3186-9543-4396-B6DC-4361FFB0EC79}"
EndProject
Project("{9A19103F-16F7-4668-BE54-9A1E7A4F7556}") = "TasksCalculations", "TasksCalculations\TasksCalculations.csproj", "{EFCCC979-4EBA-4E6E-A9C2-51A69DA5509F}"
EndProject
Project("{9A19103F-16F7-4668-BE54-9A1E7A4F7556}") = "ThreadsCalculations", "ThreadsCalculations\ThreadsCalculations.csproj", "{E1839933-279D-46E5-A63D-0153567E1E3D}"
EndProject
Project("{FAE04EC0-301F-11D3-BF4B-00C04F79EFBC}") = "TspAlgorithms", "TspAlgorithms\TspAlgorithms.csproj", "{A8281ADD-82E0-43D6-96F6-B3E35050478B}"
EndProject
Global
	GlobalSection(SolutionConfigurationPlatforms) = preSolution
		Debug|Any CPU = Debug|Any CPU
		Release|Any CPU = Release|Any CPU
	EndGlobalSection
	GlobalSection(ProjectConfigurationPlatforms) = postSolution
		{B77F3186-9543-4396-B6DC-4361FFB0EC79}.Debug|Any CPU.ActiveCfg = Debug|Any CPU
		{B77F3186-9543-4396-B6DC-4361FFB0EC79}.Debug|Any CPU.Build.0 = Debug|Any CPU
		{B77F3186-9543-4396-B6DC-4361FFB0EC79}.Release|Any CPU.ActiveCfg = Release|Any CPU
		{B77F3186-9543-4396-B6DC-4361FFB0EC79}.Release|Any CPU.Build.0 = Release|Any CPU
		{EFCCC979-4EBA-4E6E-A9C2-51A69DA5509F}.Debug|Any CPU.ActiveCfg = Debug|Any CPU
		{EFCCC979-4EBA-4E6E-A9C2-51A69DA5509F}.Debug|Any CPU.Build.0 = Debug|Any CPU
		{EFCCC979-4EBA-4E6E-A9C2-51A69DA5509F}.Release|Any CPU.ActiveCfg = Release|Any CPU
		{EFCCC979-4EBA-4E6E-A9C2-51A69DA5509F}.Release|Any CPU.Build.0 = Release|Any CPU
		{E1839933-279D-46E5-A63D-0153567E1E3D}.Debug|Any CPU.ActiveCfg = Debug|Any CPU
		{E1839933-279D-46E5-A63D-0153567E1E3D}.Debug|Any CPU.Build.0 = Debug|Any CPU
		{E1839933-279D-46E5-A63D-0153567E1E3D}.Release|Any CPU.ActiveCfg = Release|Any CPU
		{E1839933-279D-46E5-A63D-0153567E1E3D}.Release|Any CPU.Build.0 = Release|Any CPU
		{A8281ADD-82E0-43D6-96F6-B3E35050478B}.Debug|Any CPU.ActiveCfg = Debug|Any CPU
		{A8281ADD-82E0-43D6-96F6-B3E35050478B}.Debug|Any CPU.Build.0 = Debug|Any CPU
		{A8281ADD-82E0-43D6-96F6-B3E35050478B}.Release|Any CPU.ActiveCfg = Release|Any CPU
		{A8281ADD-82E0-43D6-96F6-B3E35050478B}.Release|Any CPU.Build.0 = Release|Any CPU
	EndGlobalSection
	GlobalSection(SolutionProperties) = preSolution
		HideSolutionNode = FALSE
	EndGlobalSection
	GlobalSection(ExtensibilityGlobals) = postSolution
		SolutionGuid = {B3821EA6-F1C7-4759-AF05-5AACE9695404}
	EndGlobalSection
EndGlobal
